uuid: 301c6c45-eb6e-4d74-93aa-e93fd238e4ae
langcode: en
status: true
dependencies:
  module:
    - senior_portal
    - system
  theme:
    - senior_theme
id: senior_theme_seniorportalblock
theme: senior_theme
region: sidebar
weight: 0
provider: null
plugin: senior_portal_block
settings:
  id: senior_portal_block
  label: 'Senior Portal Block'
  label_display: visible
  provider: senior_portal
visibility:
  request_path:
    id: request_path
    negate: false
    pages: '<front>'
